# This file is automatically @generated by Poetry and should not be changed by hand.

[[package]]
name = "cloudpickle"
version = "2.2.1"
description = "Extended pickling support for Python objects"
category = "main"
optional = false
python-versions = ">=3.6"
files = [
    {file = "cloudpickle-2.2.1-py3-none-any.whl", hash = "sha256:61f594d1f4c295fa5cd9014ceb3a1fc4a70b0de1164b94fbc2d854ccba056f9f"},
    {file = "cloudpickle-2.2.1.tar.gz", hash = "sha256:d89684b8de9e34a2a43b3460fbca07d09d6e25ce858df4d5a44240403b6178f5"},
]

[[package]]
name = "colorama"
version = "0.4.6"
description = "Cross-platform colored terminal text."
category = "main"
optional = false
python-versions = "!=3.0.*,!=3.1.*,!=3.2.*,!=3.3.*,!=3.4.*,!=3.5.*,!=3.6.*,>=2.7"
files = [
    {file = "colorama-0.4.6-py2.py3-none-any.whl", hash = "sha256:4f1d9991f5acc0ca119f9d443620b77f9d6b33703e51011c16baf57afb285fc6"},
    {file = "colorama-0.4.6.tar.gz", hash = "sha256:08695f5cb7ed6e0531a20572697297273c47b8cae5a63ffc6d6ed5c201be6e44"},
]

[[package]]
name = "exceptiongroup"
version = "1.1.1"
description = "Backport of PEP 654 (exception groups)"
category = "main"
optional = false
python-versions = ">=3.7"
files = [
    {file = "exceptiongroup-1.1.1-py3-none-any.whl", hash = "sha256:232c37c63e4f682982c8b6459f33a8981039e5fb8756b2074364e5055c498c9e"},
    {file = "exceptiongroup-1.1.1.tar.gz", hash = "sha256:d484c3090ba2889ae2928419117447a14daf3c1231d5e30d0aae34f354f01785"},
]

[package.extras]
test = ["pytest (>=6)"]

[[package]]
name = "funcy"
version = "2.0"
description = "A fancy and practical functional tools"
category = "main"
optional = false
python-versions = "*"
files = [
    {file = "funcy-2.0-py2.py3-none-any.whl", hash = "sha256:53df23c8bb1651b12f095df764bfb057935d49537a56de211b098f4c79614bb0"},
    {file = "funcy-2.0.tar.gz", hash = "sha256:3963315d59d41c6f30c04bc910e10ab50a3ac4a225868bfa96feed133df075cb"},
]

[[package]]
name = "iniconfig"
version = "2.0.0"
description = "brain-dead simple config-ini parsing"
category = "main"
optional = false
python-versions = ">=3.7"
files = [
    {file = "iniconfig-2.0.0-py3-none-any.whl", hash = "sha256:b6a85871a79d2e3b22d2d1b94ac2824226a63c6b741c88f7ae975f18b6778374"},
    {file = "iniconfig-2.0.0.tar.gz", hash = "sha256:2d91e135bf72d31a410b17c16da610a82cb55f6b0477d1a902134b24a455b8b3"},
]

[[package]]
name = "jlab-enhanced-cell-toolbar"
version = "3.5.1"
description = "A cell toolbar for JupyterLab."
category = "main"
optional = false
python-versions = ">=3.7"
files = [
    {file = "jlab-enhanced-cell-toolbar-3.5.1.tar.gz", hash = "sha256:a34cc58e2619d74f4287a80057bdc54fc6bf775afbbd6133ef21b7a6c1e36758"},
    {file = "jlab_enhanced_cell_toolbar-3.5.1-py3-none-any.whl", hash = "sha256:85d8751f0e055bf32e9a9488f3d2368878e49e66c10facb325ec23bb2b0e6377"},
]

[[package]]
name = "joblib"
version = "1.2.0"
description = "Lightweight pipelining with Python functions"
category = "main"
optional = false
python-versions = ">=3.7"
files = [
    {file = "joblib-1.2.0-py3-none-any.whl", hash = "sha256:091138ed78f800342968c523bdde947e7a305b8594b910a0fea2ab83c3c6d385"},
    {file = "joblib-1.2.0.tar.gz", hash = "sha256:e1cee4a79e4af22881164f218d4311f60074197fb707e082e803b61f6d137018"},
]

[[package]]
name = "more-itertools"
version = "9.1.0"
description = "More routines for operating on iterables, beyond itertools"
category = "main"
optional = false
python-versions = ">=3.7"
files = [
    {file = "more-itertools-9.1.0.tar.gz", hash = "sha256:cabaa341ad0389ea83c17a94566a53ae4c9d07349861ecb14dc6d0345cf9ac5d"},
    {file = "more_itertools-9.1.0-py3-none-any.whl", hash = "sha256:d2bc7f02446e86a68911e58ded76d6561eea00cddfb2a91e7019bbb586c799f3"},
]

[[package]]
name = "murmurhash"
version = "1.0.9"
description = "Cython bindings for MurmurHash"
category = "main"
optional = false
python-versions = ">=3.6"
files = [
    {file = "murmurhash-1.0.9-cp310-cp310-macosx_10_9_x86_64.whl", hash = "sha256:697ed01454d92681c7ae26eb1adcdc654b54062bcc59db38ed03cad71b23d449"},
    {file = "murmurhash-1.0.9-cp310-cp310-macosx_11_0_arm64.whl", hash = "sha256:5ef31b5c11be2c064dbbdd0e22ab3effa9ceb5b11ae735295c717c120087dd94"},
    {file = "murmurhash-1.0.9-cp310-cp310-manylinux_2_17_aarch64.manylinux2014_aarch64.whl", hash = "sha256:d7a2bd203377a31bbb2d83fe3f968756d6c9bbfa36c64c6ebfc3c6494fc680bc"},
    {file = "murmurhash-1.0.9-cp310-cp310-manylinux_2_5_x86_64.manylinux1_x86_64.manylinux_2_17_x86_64.manylinux2014_x86_64.whl", hash = "sha256:0eb0f8e652431ea238c11bcb671fef5c03aff0544bf7e098df81ea4b6d495405"},
    {file = "murmurhash-1.0.9-cp310-cp310-win_amd64.whl", hash = "sha256:cf0b3fe54dca598f5b18c9951e70812e070ecb4c0672ad2cc32efde8a33b3df6"},
    {file = "murmurhash-1.0.9-cp311-cp311-macosx_10_9_x86_64.whl", hash = "sha256:5dc41be79ba4d09aab7e9110a8a4d4b37b184b63767b1b247411667cdb1057a3"},
    {file = "murmurhash-1.0.9-cp311-cp311-macosx_11_0_arm64.whl", hash = "sha256:c0f84ecdf37c06eda0222f2f9e81c0974e1a7659c35b755ab2fdc642ebd366db"},
    {file = "murmurhash-1.0.9-cp311-cp311-manylinux_2_17_aarch64.manylinux2014_aarch64.whl", hash = "sha256:241693c1c819148eac29d7882739b1099c891f1f7431127b2652c23f81722cec"},
    {file = "murmurhash-1.0.9-cp311-cp311-manylinux_2_5_x86_64.manylinux1_x86_64.manylinux_2_17_x86_64.manylinux2014_x86_64.whl", hash = "sha256:47f5ca56c430230d3b581dfdbc54eb3ad8b0406dcc9afdd978da2e662c71d370"},
    {file = "murmurhash-1.0.9-cp311-cp311-win_amd64.whl", hash = "sha256:660ae41fc6609abc05130543011a45b33ca5d8318ae5c70e66bbd351ca936063"},
    {file = "murmurhash-1.0.9-cp36-cp36m-manylinux_2_17_aarch64.manylinux2014_aarch64.whl", hash = "sha256:01137d688a6b259bde642513506b062364ea4e1609f886d9bd095c3ae6da0b94"},
    {file = "murmurhash-1.0.9-cp36-cp36m-manylinux_2_5_x86_64.manylinux1_x86_64.manylinux_2_17_x86_64.manylinux2014_x86_64.whl", hash = "sha256:1b70bbf55d89713873a35bd4002bc231d38e530e1051d57ca5d15f96c01fd778"},
    {file = "murmurhash-1.0.9-cp36-cp36m-win_amd64.whl", hash = "sha256:3e802fa5b0e618ee99e8c114ce99fc91677f14e9de6e18b945d91323a93c84e8"},
    {file = "murmurhash-1.0.9-cp37-cp37m-macosx_10_9_x86_64.whl", hash = "sha256:213d0248e586082e1cab6157d9945b846fd2b6be34357ad5ea0d03a1931d82ba"},
    {file = "murmurhash-1.0.9-cp37-cp37m-manylinux_2_17_aarch64.manylinux2014_aarch64.whl", hash = "sha256:94b89d02aeab5e6bad5056f9d08df03ac7cfe06e61ff4b6340feb227fda80ce8"},
    {file = "murmurhash-1.0.9-cp37-cp37m-manylinux_2_5_x86_64.manylinux1_x86_64.manylinux_2_17_x86_64.manylinux2014_x86_64.whl", hash = "sha256:0c2e2ee2d91a87952fe0f80212e86119aa1fd7681f03e6c99b279e50790dc2b3"},
    {file = "murmurhash-1.0.9-cp37-cp37m-win_amd64.whl", hash = "sha256:8c3d69fb649c77c74a55624ebf7a0df3c81629e6ea6e80048134f015da57b2ea"},
    {file = "murmurhash-1.0.9-cp38-cp38-macosx_10_9_x86_64.whl", hash = "sha256:ab78675510f83e7a3c6bd0abdc448a9a2b0b385b0d7ee766cbbfc5cc278a3042"},
    {file = "murmurhash-1.0.9-cp38-cp38-macosx_11_0_arm64.whl", hash = "sha256:0ac5530c250d2b0073ed058555847c8d88d2d00229e483d45658c13b32398523"},
    {file = "murmurhash-1.0.9-cp38-cp38-manylinux_2_17_aarch64.manylinux2014_aarch64.whl", hash = "sha256:69157e8fa6b25c4383645227069f6a1f8738d32ed2a83558961019ca3ebef56a"},
    {file = "murmurhash-1.0.9-cp38-cp38-manylinux_2_5_x86_64.manylinux1_x86_64.manylinux_2_17_x86_64.manylinux2014_x86_64.whl", hash = "sha256:2aebe2ae016525a662ff772b72a2c9244a673e3215fcd49897f494258b96f3e7"},
    {file = "murmurhash-1.0.9-cp38-cp38-win_amd64.whl", hash = "sha256:a5952f9c18a717fa17579e27f57bfa619299546011a8378a8f73e14eece332f6"},
    {file = "murmurhash-1.0.9-cp39-cp39-macosx_10_9_x86_64.whl", hash = "sha256:ef79202feeac68e83971239169a05fa6514ecc2815ce04c8302076d267870f6e"},
    {file = "murmurhash-1.0.9-cp39-cp39-macosx_11_0_arm64.whl", hash = "sha256:799fcbca5693ad6a40f565ae6b8e9718e5875a63deddf343825c0f31c32348fa"},
    {file = "murmurhash-1.0.9-cp39-cp39-manylinux_2_17_aarch64.manylinux2014_aarch64.whl", hash = "sha256:f9b995bc82eaf9223e045210207b8878fdfe099a788dd8abd708d9ee58459a9d"},
    {file = "murmurhash-1.0.9-cp39-cp39-manylinux_2_5_x86_64.manylinux1_x86_64.manylinux_2_17_x86_64.manylinux2014_x86_64.whl", hash = "sha256:b129e1c5ebd772e6ff5ef925bcce695df13169bd885337e6074b923ab6edcfc8"},
    {file = "murmurhash-1.0.9-cp39-cp39-win_amd64.whl", hash = "sha256:379bf6b414bd27dd36772dd1570565a7d69918e980457370838bd514df0d91e9"},
    {file = "murmurhash-1.0.9.tar.gz", hash = "sha256:fe7a38cb0d3d87c14ec9dddc4932ffe2dbc77d75469ab80fd5014689b0e07b58"},
]

[[package]]
name = "nose"
version = "1.3.7"
description = "nose extends unittest to make testing easier"
category = "main"
optional = false
python-versions = "*"
files = [
    {file = "nose-1.3.7-py2-none-any.whl", hash = "sha256:dadcddc0aefbf99eea214e0f1232b94f2fa9bd98fa8353711dacb112bfcbbb2a"},
    {file = "nose-1.3.7-py3-none-any.whl", hash = "sha256:9ff7c6cc443f8c51994b34a667bbcf45afd6d945be7477b52e97516fd17c53ac"},
    {file = "nose-1.3.7.tar.gz", hash = "sha256:f1bffef9cbc82628f6e7d7b40d7e255aefaa1adb6a1b1d26c69a8b79e6208a98"},
]

[[package]]
name = "numpy"
version = "1.24.2"
description = "Fundamental package for array computing in Python"
category = "main"
optional = false
python-versions = ">=3.8"
files = [
    {file = "numpy-1.24.2-cp310-cp310-macosx_10_9_x86_64.whl", hash = "sha256:eef70b4fc1e872ebddc38cddacc87c19a3709c0e3e5d20bf3954c147b1dd941d"},
    {file = "numpy-1.24.2-cp310-cp310-macosx_11_0_arm64.whl", hash = "sha256:e8d2859428712785e8a8b7d2b3ef0a1d1565892367b32f915c4a4df44d0e64f5"},
    {file = "numpy-1.24.2-cp310-cp310-manylinux_2_17_aarch64.manylinux2014_aarch64.whl", hash = "sha256:6524630f71631be2dabe0c541e7675db82651eb998496bbe16bc4f77f0772253"},
    {file = "numpy-1.24.2-cp310-cp310-manylinux_2_17_x86_64.manylinux2014_x86_64.whl", hash = "sha256:a51725a815a6188c662fb66fb32077709a9ca38053f0274640293a14fdd22978"},
    {file = "numpy-1.24.2-cp310-cp310-win32.whl", hash = "sha256:2620e8592136e073bd12ee4536149380695fbe9ebeae845b81237f986479ffc9"},
    {file = "numpy-1.24.2-cp310-cp310-win_amd64.whl", hash = "sha256:97cf27e51fa078078c649a51d7ade3c92d9e709ba2bfb97493007103c741f1d0"},
    {file = "numpy-1.24.2-cp311-cp311-macosx_10_9_x86_64.whl", hash = "sha256:7de8fdde0003f4294655aa5d5f0a89c26b9f22c0a58790c38fae1ed392d44a5a"},
    {file = "numpy-1.24.2-cp311-cp311-macosx_11_0_arm64.whl", hash = "sha256:4173bde9fa2a005c2c6e2ea8ac1618e2ed2c1c6ec8a7657237854d42094123a0"},
    {file = "numpy-1.24.2-cp311-cp311-manylinux_2_17_aarch64.manylinux2014_aarch64.whl", hash = "sha256:4cecaed30dc14123020f77b03601559fff3e6cd0c048f8b5289f4eeabb0eb281"},
    {file = "numpy-1.24.2-cp311-cp311-manylinux_2_17_x86_64.manylinux2014_x86_64.whl", hash = "sha256:9a23f8440561a633204a67fb44617ce2a299beecf3295f0d13c495518908e910"},
    {file = "numpy-1.24.2-cp311-cp311-win32.whl", hash = "sha256:e428c4fbfa085f947b536706a2fc349245d7baa8334f0c5723c56a10595f9b95"},
    {file = "numpy-1.24.2-cp311-cp311-win_amd64.whl", hash = "sha256:557d42778a6869c2162deb40ad82612645e21d79e11c1dc62c6e82a2220ffb04"},
    {file = "numpy-1.24.2-cp38-cp38-macosx_10_9_x86_64.whl", hash = "sha256:d0a2db9d20117bf523dde15858398e7c0858aadca7c0f088ac0d6edd360e9ad2"},
    {file = "numpy-1.24.2-cp38-cp38-macosx_11_0_arm64.whl", hash = "sha256:c72a6b2f4af1adfe193f7beb91ddf708ff867a3f977ef2ec53c0ffb8283ab9f5"},
    {file = "numpy-1.24.2-cp38-cp38-manylinux_2_17_aarch64.manylinux2014_aarch64.whl", hash = "sha256:c29e6bd0ec49a44d7690ecb623a8eac5ab8a923bce0bea6293953992edf3a76a"},
    {file = "numpy-1.24.2-cp38-cp38-manylinux_2_17_x86_64.manylinux2014_x86_64.whl", hash = "sha256:2eabd64ddb96a1239791da78fa5f4e1693ae2dadc82a76bc76a14cbb2b966e96"},
    {file = "numpy-1.24.2-cp38-cp38-win32.whl", hash = "sha256:e3ab5d32784e843fc0dd3ab6dcafc67ef806e6b6828dc6af2f689be0eb4d781d"},
    {file = "numpy-1.24.2-cp38-cp38-win_amd64.whl", hash = "sha256:76807b4063f0002c8532cfeac47a3068a69561e9c8715efdad3c642eb27c0756"},
    {file = "numpy-1.24.2-cp39-cp39-macosx_10_9_x86_64.whl", hash = "sha256:4199e7cfc307a778f72d293372736223e39ec9ac096ff0a2e64853b866a8e18a"},
    {file = "numpy-1.24.2-cp39-cp39-macosx_11_0_arm64.whl", hash = "sha256:adbdce121896fd3a17a77ab0b0b5eedf05a9834a18699db6829a64e1dfccca7f"},
    {file = "numpy-1.24.2-cp39-cp39-manylinux_2_17_aarch64.manylinux2014_aarch64.whl", hash = "sha256:889b2cc88b837d86eda1b17008ebeb679d82875022200c6e8e4ce6cf549b7acb"},
    {file = "numpy-1.24.2-cp39-cp39-manylinux_2_17_x86_64.manylinux2014_x86_64.whl", hash = "sha256:f64bb98ac59b3ea3bf74b02f13836eb2e24e48e0ab0145bbda646295769bd780"},
    {file = "numpy-1.24.2-cp39-cp39-win32.whl", hash = "sha256:63e45511ee4d9d976637d11e6c9864eae50e12dc9598f531c035265991910468"},
    {file = "numpy-1.24.2-cp39-cp39-win_amd64.whl", hash = "sha256:a77d3e1163a7770164404607b7ba3967fb49b24782a6ef85d9b5f54126cc39e5"},
    {file = "numpy-1.24.2-pp38-pypy38_pp73-macosx_10_9_x86_64.whl", hash = "sha256:92011118955724465fb6853def593cf397b4a1367495e0b59a7e69d40c4eb71d"},
    {file = "numpy-1.24.2-pp38-pypy38_pp73-manylinux_2_17_x86_64.manylinux2014_x86_64.whl", hash = "sha256:f9006288bcf4895917d02583cf3411f98631275bc67cce355a7f39f8c14338fa"},
    {file = "numpy-1.24.2-pp38-pypy38_pp73-win_amd64.whl", hash = "sha256:150947adbdfeceec4e5926d956a06865c1c690f2fd902efede4ca6fe2e657c3f"},
    {file = "numpy-1.24.2.tar.gz", hash = "sha256:003a9f530e880cb2cd177cba1af7220b9aa42def9c4afc2a2fc3ee6be7eb2b22"},
]

[[package]]
name = "packaging"
version = "23.1"
description = "Core utilities for Python packages"
category = "main"
optional = false
python-versions = ">=3.7"
files = [
    {file = "packaging-23.1-py3-none-any.whl", hash = "sha256:994793af429502c4ea2ebf6bf664629d07c1a9fe974af92966e4b8d2df7edc61"},
    {file = "packaging-23.1.tar.gz", hash = "sha256:a392980d2b6cffa644431898be54b0045151319d1e7ec34f0cfed48767dd334f"},
]

[[package]]
name = "pluggy"
version = "1.0.0"
description = "plugin and hook calling mechanisms for python"
category = "main"
optional = false
python-versions = ">=3.6"
files = [
    {file = "pluggy-1.0.0-py2.py3-none-any.whl", hash = "sha256:74134bbf457f031a36d68416e1509f34bd5ccc019f0bcc952c7b909d06b37bd3"},
    {file = "pluggy-1.0.0.tar.gz", hash = "sha256:4224373bacce55f955a878bf9cfa763c1e360858e330072059e10bad68531159"},
]

[package.extras]
dev = ["pre-commit", "tox"]
testing = ["pytest", "pytest-benchmark"]

[[package]]
name = "pytest"
version = "7.3.1"
description = "pytest: simple powerful testing with Python"
category = "main"
optional = false
python-versions = ">=3.7"
files = [
    {file = "pytest-7.3.1-py3-none-any.whl", hash = "sha256:3799fa815351fea3a5e96ac7e503a96fa51cc9942c3753cda7651b93c1cfa362"},
    {file = "pytest-7.3.1.tar.gz", hash = "sha256:434afafd78b1d78ed0addf160ad2b77a30d35d4bdf8af234fe621919d9ed15e3"},
]

[package.dependencies]
colorama = {version = "*", markers = "sys_platform == \"win32\""}
exceptiongroup = {version = ">=1.0.0rc8", markers = "python_version < \"3.11\""}
iniconfig = "*"
packaging = "*"
pluggy = ">=0.12,<2.0"
tomli = {version = ">=1.0.0", markers = "python_version < \"3.11\""}

[package.extras]
testing = ["argcomplete", "attrs (>=19.2.0)", "hypothesis (>=3.56)", "mock", "nose", "pygments (>=2.7.2)", "requests", "xmlschema"]

[[package]]
name = "scipy"
version = "1.10.1"
description = "Fundamental algorithms for scientific computing in Python"
category = "main"
optional = false
python-versions = "<3.12,>=3.8"
files = [
    {file = "scipy-1.10.1-cp310-cp310-macosx_10_9_x86_64.whl", hash = "sha256:e7354fd7527a4b0377ce55f286805b34e8c54b91be865bac273f527e1b839019"},
    {file = "scipy-1.10.1-cp310-cp310-macosx_12_0_arm64.whl", hash = "sha256:4b3f429188c66603a1a5c549fb414e4d3bdc2a24792e061ffbd607d3d75fd84e"},
    {file = "scipy-1.10.1-cp310-cp310-manylinux_2_17_aarch64.manylinux2014_aarch64.whl", hash = "sha256:1553b5dcddd64ba9a0d95355e63fe6c3fc303a8fd77c7bc91e77d61363f7433f"},
    {file = "scipy-1.10.1-cp310-cp310-manylinux_2_17_x86_64.manylinux2014_x86_64.whl", hash = "sha256:4c0ff64b06b10e35215abce517252b375e580a6125fd5fdf6421b98efbefb2d2"},
    {file = "scipy-1.10.1-cp310-cp310-win_amd64.whl", hash = "sha256:fae8a7b898c42dffe3f7361c40d5952b6bf32d10c4569098d276b4c547905ee1"},
    {file = "scipy-1.10.1-cp311-cp311-macosx_10_9_x86_64.whl", hash = "sha256:0f1564ea217e82c1bbe75ddf7285ba0709ecd503f048cb1236ae9995f64217bd"},
    {file = "scipy-1.10.1-cp311-cp311-macosx_12_0_arm64.whl", hash = "sha256:d925fa1c81b772882aa55bcc10bf88324dadb66ff85d548c71515f6689c6dac5"},
    {file = "scipy-1.10.1-cp311-cp311-manylinux_2_17_aarch64.manylinux2014_aarch64.whl", hash = "sha256:aaea0a6be54462ec027de54fca511540980d1e9eea68b2d5c1dbfe084797be35"},
    {file = "scipy-1.10.1-cp311-cp311-manylinux_2_17_x86_64.manylinux2014_x86_64.whl", hash = "sha256:15a35c4242ec5f292c3dd364a7c71a61be87a3d4ddcc693372813c0b73c9af1d"},
    {file = "scipy-1.10.1-cp311-cp311-win_amd64.whl", hash = "sha256:43b8e0bcb877faf0abfb613d51026cd5cc78918e9530e375727bf0625c82788f"},
    {file = "scipy-1.10.1-cp38-cp38-macosx_10_9_x86_64.whl", hash = "sha256:5678f88c68ea866ed9ebe3a989091088553ba12c6090244fdae3e467b1139c35"},
    {file = "scipy-1.10.1-cp38-cp38-macosx_12_0_arm64.whl", hash = "sha256:39becb03541f9e58243f4197584286e339029e8908c46f7221abeea4b749fa88"},
    {file = "scipy-1.10.1-cp38-cp38-manylinux_2_17_aarch64.manylinux2014_aarch64.whl", hash = "sha256:bce5869c8d68cf383ce240e44c1d9ae7c06078a9396df68ce88a1230f93a30c1"},
    {file = "scipy-1.10.1-cp38-cp38-manylinux_2_17_x86_64.manylinux2014_x86_64.whl", hash = "sha256:07c3457ce0b3ad5124f98a86533106b643dd811dd61b548e78cf4c8786652f6f"},
    {file = "scipy-1.10.1-cp38-cp38-win_amd64.whl", hash = "sha256:049a8bbf0ad95277ffba9b3b7d23e5369cc39e66406d60422c8cfef40ccc8415"},
    {file = "scipy-1.10.1-cp39-cp39-macosx_10_9_x86_64.whl", hash = "sha256:cd9f1027ff30d90618914a64ca9b1a77a431159df0e2a195d8a9e8a04c78abf9"},
    {file = "scipy-1.10.1-cp39-cp39-macosx_12_0_arm64.whl", hash = "sha256:79c8e5a6c6ffaf3a2262ef1be1e108a035cf4f05c14df56057b64acc5bebffb6"},
    {file = "scipy-1.10.1-cp39-cp39-manylinux_2_17_aarch64.manylinux2014_aarch64.whl", hash = "sha256:51af417a000d2dbe1ec6c372dfe688e041a7084da4fdd350aeb139bd3fb55353"},
    {file = "scipy-1.10.1-cp39-cp39-manylinux_2_17_x86_64.manylinux2014_x86_64.whl", hash = "sha256:1b4735d6c28aad3cdcf52117e0e91d6b39acd4272f3f5cd9907c24ee931ad601"},
    {file = "scipy-1.10.1-cp39-cp39-win_amd64.whl", hash = "sha256:7ff7f37b1bf4417baca958d254e8e2875d0cc23aaadbe65b3d5b3077b0eb23ea"},
    {file = "scipy-1.10.1.tar.gz", hash = "sha256:2cf9dfb80a7b4589ba4c40ce7588986d6d5cebc5457cad2c2880f6bc2d42f3a5"},
]

[package.dependencies]
numpy = ">=1.19.5,<1.27.0"

[package.extras]
dev = ["click", "doit (>=0.36.0)", "flake8", "mypy", "pycodestyle", "pydevtool", "rich-click", "typing_extensions"]
doc = ["matplotlib (>2)", "numpydoc", "pydata-sphinx-theme (==0.9.0)", "sphinx (!=4.1.0)", "sphinx-design (>=0.2.0)"]
test = ["asv", "gmpy2", "mpmath", "pooch", "pytest", "pytest-cov", "pytest-timeout", "pytest-xdist", "scikit-umfpack", "threadpoolctl"]

[[package]]
name = "tomli"
version = "2.0.1"
description = "A lil' TOML parser"
category = "main"
optional = false
python-versions = ">=3.7"
files = [
    {file = "tomli-2.0.1-py3-none-any.whl", hash = "sha256:939de3e7a6161af0c887ef91b7d41a53e7c5a1ca976325f429cb46ea9bc30ecc"},
    {file = "tomli-2.0.1.tar.gz", hash = "sha256:de526c12914f0c550d15924c62d72abc48d6fe7364aa87328337a31007fe8a4f"},
]

[[package]]
name = "toolz"
version = "0.12.0"
description = "List processing tools and functional utilities"
category = "main"
optional = false
python-versions = ">=3.5"
files = [
    {file = "toolz-0.12.0-py3-none-any.whl", hash = "sha256:2059bd4148deb1884bb0eb770a3cde70e7f954cfbbdc2285f1f2de01fd21eb6f"},
    {file = "toolz-0.12.0.tar.gz", hash = "sha256:88c570861c440ee3f2f6037c4654613228ff40c93a6c25e0eba70d17282c6194"},
]

[[package]]
name = "tqdm"
version = "4.65.0"
description = "Fast, Extensible Progress Meter"
category = "main"
optional = false
python-versions = ">=3.7"
files = [
    {file = "tqdm-4.65.0-py3-none-any.whl", hash = "sha256:c4f53a17fe37e132815abceec022631be8ffe1b9381c2e6e30aa70edc99e9671"},
    {file = "tqdm-4.65.0.tar.gz", hash = "sha256:1871fb68a86b8fb3b59ca4cdd3dcccbc7e6d613eeed31f4c332531977b89beb5"},
]

[package.dependencies]
colorama = {version = "*", markers = "platform_system == \"Windows\""}

[package.extras]
dev = ["py-make (>=0.1.0)", "twine", "wheel"]
notebook = ["ipywidgets (>=6)"]
slack = ["slack-sdk"]
telegram = ["requests"]

[[package]]
name = "xxhash"
version = "3.2.0"
description = "Python binding for xxHash"
category = "main"
optional = false
python-versions = ">=3.6"
files = [
    {file = "xxhash-3.2.0-cp310-cp310-macosx_10_9_x86_64.whl", hash = "sha256:af44b9e59c4b2926a4e3c7f9d29949ff42fcea28637ff6b8182e654461932be8"},
    {file = "xxhash-3.2.0-cp310-cp310-macosx_11_0_arm64.whl", hash = "sha256:1bdd57973e2b802ef32553d7bebf9402dac1557874dbe5c908b499ea917662cd"},
    {file = "xxhash-3.2.0-cp310-cp310-manylinux_2_17_aarch64.manylinux2014_aarch64.whl", hash = "sha256:6b7c9aa77bbce61a5e681bd39cb6a804338474dcc90abe3c543592aa5d6c9a9b"},
    {file = "xxhash-3.2.0-cp310-cp310-manylinux_2_17_ppc64le.manylinux2014_ppc64le.whl", hash = "sha256:11bf87dc7bb8c3b0b5e24b7b941a9a19d8c1f88120b6a03a17264086bc8bb023"},
    {file = "xxhash-3.2.0-cp310-cp310-manylinux_2_17_s390x.manylinux2014_s390x.whl", hash = "sha256:2783d41487ce6d379fdfaa7332fca5187bf7010b9bddcf20cafba923bc1dc665"},
    {file = "xxhash-3.2.0-cp310-cp310-manylinux_2_17_x86_64.manylinux2014_x86_64.whl", hash = "sha256:561076ca0dcef2fbc20b2bc2765bff099e002e96041ae9dbe910a863ca6ee3ea"},
    {file = "xxhash-3.2.0-cp310-cp310-manylinux_2_5_i686.manylinux1_i686.manylinux_2_17_i686.manylinux2014_i686.whl", hash = "sha256:3a26eeb4625a6e61cedc8c1b39b89327c9c7e1a8c2c4d786fe3f178eb839ede6"},
    {file = "xxhash-3.2.0-cp310-cp310-musllinux_1_1_aarch64.whl", hash = "sha256:d93a44d0104d1b9b10de4e7aadf747f6efc1d7ec5ed0aa3f233a720725dd31bd"},
    {file = "xxhash-3.2.0-cp310-cp310-musllinux_1_1_i686.whl", hash = "sha256:89585adc73395a10306d2e2036e50d6c4ac0cf8dd47edf914c25488871b64f6d"},
    {file = "xxhash-3.2.0-cp310-cp310-musllinux_1_1_ppc64le.whl", hash = "sha256:a892b4b139126a86bfdcb97cd912a2f8c4e8623869c3ef7b50871451dd7afeb0"},
    {file = "xxhash-3.2.0-cp310-cp310-musllinux_1_1_s390x.whl", hash = "sha256:e998efb190653f70e0f30d92b39fc645145369a4823bee46af8ddfc244aa969d"},
    {file = "xxhash-3.2.0-cp310-cp310-musllinux_1_1_x86_64.whl", hash = "sha256:e8ed3bd2b8bb3277710843ca63e4f5c3ee6f8f80b083be5b19a7a9905420d11e"},
    {file = "xxhash-3.2.0-cp310-cp310-win32.whl", hash = "sha256:20181cbaed033c72cb881b2a1d13c629cd1228f113046133469c9a48cfcbcd36"},
    {file = "xxhash-3.2.0-cp310-cp310-win_amd64.whl", hash = "sha256:a0f7a16138279d707db778a63264d1d6016ac13ffd3f1e99f54b2855d6c0d8e1"},
    {file = "xxhash-3.2.0-cp311-cp311-macosx_10_9_x86_64.whl", hash = "sha256:5daff3fb5bfef30bc5a2cb143810d376d43461445aa17aece7210de52adbe151"},
    {file = "xxhash-3.2.0-cp311-cp311-macosx_11_0_arm64.whl", hash = "sha256:75bb5be3c5de702a547715f320ecf5c8014aeca750ed5147ca75389bd22e7343"},
    {file = "xxhash-3.2.0-cp311-cp311-manylinux_2_17_aarch64.manylinux2014_aarch64.whl", hash = "sha256:01f36b671ff55cb1d5c2f6058b799b697fd0ae4b4582bba6ed0999678068172a"},
    {file = "xxhash-3.2.0-cp311-cp311-manylinux_2_17_ppc64le.manylinux2014_ppc64le.whl", hash = "sha256:d4d4519123aac73c93159eb8f61db9682393862dd669e7eae034ecd0a35eadac"},
    {file = "xxhash-3.2.0-cp311-cp311-manylinux_2_17_s390x.manylinux2014_s390x.whl", hash = "sha256:994e4741d5ed70fc2a335a91ef79343c6b1089d7dfe6e955dd06f8ffe82bede6"},
    {file = "xxhash-3.2.0-cp311-cp311-manylinux_2_17_x86_64.manylinux2014_x86_64.whl", hash = "sha256:919bc1b010aa6ff0eb918838ff73a435aed9e9a19c3202b91acecd296bf75607"},
    {file = "xxhash-3.2.0-cp311-cp311-manylinux_2_5_i686.manylinux1_i686.manylinux_2_17_i686.manylinux2014_i686.whl", hash = "sha256:17b65454c5accbb079c45eca546c27c4782f5175aa320758fafac896b1549d27"},
    {file = "xxhash-3.2.0-cp311-cp311-musllinux_1_1_aarch64.whl", hash = "sha256:b0c094d5e65a46dbf3fe0928ff20873a747e6abfd2ed4b675beeb2750624bc2e"},
    {file = "xxhash-3.2.0-cp311-cp311-musllinux_1_1_i686.whl", hash = "sha256:f94163ebe2d5546e6a5977e96d83621f4689c1054053428cf8d4c28b10f92f69"},
    {file = "xxhash-3.2.0-cp311-cp311-musllinux_1_1_ppc64le.whl", hash = "sha256:cead7c0307977a00b3f784cff676e72c147adbcada19a2e6fc2ddf54f37cf387"},
    {file = "xxhash-3.2.0-cp311-cp311-musllinux_1_1_s390x.whl", hash = "sha256:a0e1bd0260c1da35c1883321ce2707ceea07127816ab625e1226ec95177b561a"},
    {file = "xxhash-3.2.0-cp311-cp311-musllinux_1_1_x86_64.whl", hash = "sha256:cc8878935671490efe9275fb4190a6062b73277bd273237179b9b5a2aa436153"},
    {file = "xxhash-3.2.0-cp311-cp311-win32.whl", hash = "sha256:a433f6162b18d52f7068175d00bd5b1563b7405f926a48d888a97b90a160c40d"},
    {file = "xxhash-3.2.0-cp311-cp311-win_amd64.whl", hash = "sha256:a32d546a1752e4ee7805d6db57944f7224afa7428d22867006b6486e4195c1f3"},
    {file = "xxhash-3.2.0-cp36-cp36m-macosx_10_9_x86_64.whl", hash = "sha256:82daaab720866bf690b20b49de5640b0c27e3b8eea2d08aa75bdca2b0f0cfb63"},
    {file = "xxhash-3.2.0-cp36-cp36m-manylinux_2_17_aarch64.manylinux2014_aarch64.whl", hash = "sha256:3126df6520cbdbaddd87ce74794b2b6c45dd2cf6ac2b600a374b8cdb76a2548c"},
    {file = "xxhash-3.2.0-cp36-cp36m-manylinux_2_17_ppc64le.manylinux2014_ppc64le.whl", hash = "sha256:e172c1ee40507ae3b8d220f4048aaca204f203e1e4197e8e652f5c814f61d1aa"},
    {file = "xxhash-3.2.0-cp36-cp36m-manylinux_2_17_s390x.manylinux2014_s390x.whl", hash = "sha256:5384f1d9f30876f5d5b618464fb19ff7ce6c0fe4c690fbaafd1c52adc3aae807"},
    {file = "xxhash-3.2.0-cp36-cp36m-manylinux_2_17_x86_64.manylinux2014_x86_64.whl", hash = "sha256:26cb52174a7e96a17acad27a3ca65b24713610ac479c99ac9640843822d3bebf"},
    {file = "xxhash-3.2.0-cp36-cp36m-manylinux_2_5_i686.manylinux1_i686.manylinux_2_17_i686.manylinux2014_i686.whl", hash = "sha256:fbcd613a5e76b1495fc24db9c37a6b7ee5f214fd85979187ec4e032abfc12ded"},
    {file = "xxhash-3.2.0-cp36-cp36m-musllinux_1_1_aarch64.whl", hash = "sha256:f988daf25f31726d5b9d0be6af636ca9000898f9ea43a57eac594daea25b0948"},
    {file = "xxhash-3.2.0-cp36-cp36m-musllinux_1_1_i686.whl", hash = "sha256:bbc30c98ab006ab9fc47e5ed439c00f706bc9d4441ff52693b8b6fea335163e0"},
    {file = "xxhash-3.2.0-cp36-cp36m-musllinux_1_1_ppc64le.whl", hash = "sha256:2408d49260b0a4a7cc6ba445aebf38e073aeaf482f8e32767ca477e32ccbbf9e"},
    {file = "xxhash-3.2.0-cp36-cp36m-musllinux_1_1_s390x.whl", hash = "sha256:3f4152fd0bf8b03b79f2f900fd6087a66866537e94b5a11fd0fd99ef7efe5c42"},
    {file = "xxhash-3.2.0-cp36-cp36m-musllinux_1_1_x86_64.whl", hash = "sha256:0eea848758e4823a01abdbcccb021a03c1ee4100411cbeeb7a5c36a202a0c13c"},
    {file = "xxhash-3.2.0-cp36-cp36m-win32.whl", hash = "sha256:77709139af5123c578ab06cf999429cdb9ab211047acd0c787e098dcb3f1cb4d"},
    {file = "xxhash-3.2.0-cp36-cp36m-win_amd64.whl", hash = "sha256:91687671fd9d484a4e201ad266d366b695a45a1f2b41be93d116ba60f1b8f3b3"},
    {file = "xxhash-3.2.0-cp37-cp37m-macosx_10_9_x86_64.whl", hash = "sha256:e4af8bc5c3fcc2192c266421c6aa2daab1a18e002cb8e66ef672030e46ae25cf"},
    {file = "xxhash-3.2.0-cp37-cp37m-manylinux_2_17_aarch64.manylinux2014_aarch64.whl", hash = "sha256:e8be562e2ce3e481d9209b6f254c3d7c5ff920eb256aba2380d2fb5ba75d4f87"},
    {file = "xxhash-3.2.0-cp37-cp37m-manylinux_2_17_ppc64le.manylinux2014_ppc64le.whl", hash = "sha256:9eba0c7c12126b12f7fcbea5513f28c950d28f33d2a227f74b50b77789e478e8"},
    {file = "xxhash-3.2.0-cp37-cp37m-manylinux_2_17_s390x.manylinux2014_s390x.whl", hash = "sha256:2198c4901a0223c48f6ec0a978b60bca4f4f7229a11ca4dc96ca325dd6a29115"},
    {file = "xxhash-3.2.0-cp37-cp37m-manylinux_2_17_x86_64.manylinux2014_x86_64.whl", hash = "sha256:50ce82a71b22a3069c02e914bf842118a53065e2ec1c6fb54786e03608ab89cc"},
    {file = "xxhash-3.2.0-cp37-cp37m-manylinux_2_5_i686.manylinux1_i686.manylinux_2_17_i686.manylinux2014_i686.whl", hash = "sha256:b5019fb33711c30e54e4e57ae0ca70af9d35b589d385ac04acd6954452fa73bb"},
    {file = "xxhash-3.2.0-cp37-cp37m-musllinux_1_1_aarch64.whl", hash = "sha256:0d54ac023eef7e3ac9f0b8841ae8a376b933043bc2ad428121346c6fa61c491c"},
    {file = "xxhash-3.2.0-cp37-cp37m-musllinux_1_1_i686.whl", hash = "sha256:c55fa832fc3fe64e0d29da5dc9b50ba66ca93312107cec2709300ea3d3bab5c7"},
    {file = "xxhash-3.2.0-cp37-cp37m-musllinux_1_1_ppc64le.whl", hash = "sha256:f4ce006215497993ae77c612c1883ca4f3973899573ce0c52fee91f0d39c4561"},
    {file = "xxhash-3.2.0-cp37-cp37m-musllinux_1_1_s390x.whl", hash = "sha256:1afb9b9d27fd675b436cb110c15979976d92d761ad6e66799b83756402f3a974"},
    {file = "xxhash-3.2.0-cp37-cp37m-musllinux_1_1_x86_64.whl", hash = "sha256:baa99cebf95c1885db21e119395f222a706a2bb75a545f0672880a442137725e"},
    {file = "xxhash-3.2.0-cp37-cp37m-win32.whl", hash = "sha256:75aa692936942ccb2e8fd6a386c81c61630ac1b6d6e921698122db8a930579c3"},
    {file = "xxhash-3.2.0-cp37-cp37m-win_amd64.whl", hash = "sha256:0a2cdfb5cae9fafb9f7b65fd52ecd60cf7d72c13bb2591ea59aaefa03d5a8827"},
    {file = "xxhash-3.2.0-cp38-cp38-macosx_10_9_x86_64.whl", hash = "sha256:3a68d1e8a390b660d94b9360ae5baa8c21a101bd9c4790a8b30781bada9f1fc6"},
    {file = "xxhash-3.2.0-cp38-cp38-macosx_11_0_arm64.whl", hash = "sha256:ce7c3ce28f94302df95eaea7c9c1e2c974b6d15d78a0c82142a97939d7b6c082"},
    {file = "xxhash-3.2.0-cp38-cp38-manylinux_2_17_aarch64.manylinux2014_aarch64.whl", hash = "sha256:0dcb419bf7b0bc77d366e5005c25682249c5521a63fd36c51f584bd91bb13bd5"},
    {file = "xxhash-3.2.0-cp38-cp38-manylinux_2_17_ppc64le.manylinux2014_ppc64le.whl", hash = "sha256:ae521ed9287f86aac979eeac43af762f03d9d9797b2272185fb9ddd810391216"},
    {file = "xxhash-3.2.0-cp38-cp38-manylinux_2_17_s390x.manylinux2014_s390x.whl", hash = "sha256:b0d16775094423088ffa357d09fbbb9ab48d2fb721d42c0856b801c86f616eec"},
    {file = "xxhash-3.2.0-cp38-cp38-manylinux_2_17_x86_64.manylinux2014_x86_64.whl", hash = "sha256:fe454aeab348c42f56d6f7434ff758a3ef90787ac81b9ad5a363cd61b90a1b0b"},
    {file = "xxhash-3.2.0-cp38-cp38-manylinux_2_5_i686.manylinux1_i686.manylinux_2_17_i686.manylinux2014_i686.whl", hash = "sha256:052fd0efdd5525c2dbc61bebb423d92aa619c4905bba605afbf1e985a562a231"},
    {file = "xxhash-3.2.0-cp38-cp38-musllinux_1_1_aarch64.whl", hash = "sha256:02badf3754e2133de254a4688798c4d80f0060635087abcb461415cb3eb82115"},
    {file = "xxhash-3.2.0-cp38-cp38-musllinux_1_1_i686.whl", hash = "sha256:66b8a90b28c13c2aae7a71b32638ceb14cefc2a1c8cf23d8d50dfb64dfac7aaf"},
    {file = "xxhash-3.2.0-cp38-cp38-musllinux_1_1_ppc64le.whl", hash = "sha256:649cdf19df175925ad87289ead6f760cd840730ee85abc5eb43be326a0a24d97"},
    {file = "xxhash-3.2.0-cp38-cp38-musllinux_1_1_s390x.whl", hash = "sha256:4b948a03f89f5c72d69d40975af8af241111f0643228796558dc1cae8f5560b0"},
    {file = "xxhash-3.2.0-cp38-cp38-musllinux_1_1_x86_64.whl", hash = "sha256:49f51fab7b762da7c2cee0a3d575184d3b9be5e2f64f26cae2dd286258ac9b3c"},
    {file = "xxhash-3.2.0-cp38-cp38-win32.whl", hash = "sha256:1a42994f0d42b55514785356722d9031f064fd34e495b3a589e96db68ee0179d"},
    {file = "xxhash-3.2.0-cp38-cp38-win_amd64.whl", hash = "sha256:0a6d58ba5865475e53d6c2c4fa6a62e2721e7875e146e2681e5337a6948f12e7"},
    {file = "xxhash-3.2.0-cp39-cp39-macosx_10_9_x86_64.whl", hash = "sha256:aabdbc082030f8df613e2d2ea1f974e7ad36a539bdfc40d36f34e55c7e4b8e94"},
    {file = "xxhash-3.2.0-cp39-cp39-macosx_11_0_arm64.whl", hash = "sha256:498843b66b9ca416e9d03037e5875c8d0c0ab9037527e22df3b39aa5163214cd"},
    {file = "xxhash-3.2.0-cp39-cp39-manylinux_2_17_aarch64.manylinux2014_aarch64.whl", hash = "sha256:a910b1193cd90af17228f5d6069816646df0148f14f53eefa6b2b11a1dedfcd0"},
    {file = "xxhash-3.2.0-cp39-cp39-manylinux_2_17_ppc64le.manylinux2014_ppc64le.whl", hash = "sha256:bb6d8ce31dc25faf4da92991320e211fa7f42de010ef51937b1dc565a4926501"},
    {file = "xxhash-3.2.0-cp39-cp39-manylinux_2_17_s390x.manylinux2014_s390x.whl", hash = "sha256:883dc3d3942620f4c7dbc3fd6162f50a67f050b714e47da77444e3bcea7d91cc"},
    {file = "xxhash-3.2.0-cp39-cp39-manylinux_2_17_x86_64.manylinux2014_x86_64.whl", hash = "sha256:59dc8bfacf89b8f5be54d55bc3b4bd6d74d0c5320c8a63d2538ac7df5b96f1d5"},
    {file = "xxhash-3.2.0-cp39-cp39-manylinux_2_5_i686.manylinux1_i686.manylinux_2_17_i686.manylinux2014_i686.whl", hash = "sha256:61e6aa1d30c2af692aa88c4dd48709426e8b37bff6a574ee2de677579c34a3d6"},
    {file = "xxhash-3.2.0-cp39-cp39-musllinux_1_1_aarch64.whl", hash = "sha256:314ec0bd21f0ee8d30f2bd82ed3759314bd317ddbbd8555668f3d20ab7a8899a"},
    {file = "xxhash-3.2.0-cp39-cp39-musllinux_1_1_i686.whl", hash = "sha256:dad638cde3a5357ad3163b80b3127df61fb5b5e34e9e05a87697144400ba03c7"},
    {file = "xxhash-3.2.0-cp39-cp39-musllinux_1_1_ppc64le.whl", hash = "sha256:eaa3ea15025b56076d806b248948612289b093e8dcda8d013776b3848dffff15"},
    {file = "xxhash-3.2.0-cp39-cp39-musllinux_1_1_s390x.whl", hash = "sha256:7deae3a312feb5c17c97cbf18129f83cbd3f1f9ec25b0f50e2bd9697befb22e7"},
    {file = "xxhash-3.2.0-cp39-cp39-musllinux_1_1_x86_64.whl", hash = "sha256:add774341c09853b1612c64a526032d95ab1683053325403e1afbe3ad2f374c5"},
    {file = "xxhash-3.2.0-cp39-cp39-win32.whl", hash = "sha256:9b94749130ef3119375c599bfce82142c2500ef9ed3280089157ee37662a7137"},
    {file = "xxhash-3.2.0-cp39-cp39-win_amd64.whl", hash = "sha256:e57d94a1552af67f67b27db5dba0b03783ea69d5ca2af2f40e098f0ba3ce3f5f"},
    {file = "xxhash-3.2.0-pp37-pypy37_pp73-macosx_10_9_x86_64.whl", hash = "sha256:92fd765591c83e5c5f409b33eac1d3266c03d3d11c71a7dbade36d5cdee4fbc0"},
    {file = "xxhash-3.2.0-pp37-pypy37_pp73-manylinux_2_17_aarch64.manylinux2014_aarch64.whl", hash = "sha256:8970f6a411a9839a02b23b7e90bbbba4a6de52ace009274998566dc43f36ca18"},
    {file = "xxhash-3.2.0-pp37-pypy37_pp73-manylinux_2_17_x86_64.manylinux2014_x86_64.whl", hash = "sha256:c5f3e33fe6cbab481727f9aeb136a213aed7e33cd1ca27bd75e916ffacc18411"},
    {file = "xxhash-3.2.0-pp37-pypy37_pp73-manylinux_2_5_i686.manylinux1_i686.manylinux_2_17_i686.manylinux2014_i686.whl", hash = "sha256:368265392cb696dd53907e2328b5a8c1bee81cf2142d0cc743caf1c1047abb36"},
    {file = "xxhash-3.2.0-pp37-pypy37_pp73-win_amd64.whl", hash = "sha256:3b1f3c6d67fa9f49c4ff6b25ce0e7143bab88a5bc0f4116dd290c92337d0ecc7"},
    {file = "xxhash-3.2.0-pp38-pypy38_pp73-macosx_10_9_x86_64.whl", hash = "sha256:c5e8db6e1ee7267b7c412ad0afd5863bf7a95286b8333a5958c8097c69f94cf5"},
    {file = "xxhash-3.2.0-pp38-pypy38_pp73-manylinux_2_17_aarch64.manylinux2014_aarch64.whl", hash = "sha256:761df3c7e2c5270088b691c5a8121004f84318177da1ca1db64222ec83c44871"},
    {file = "xxhash-3.2.0-pp38-pypy38_pp73-manylinux_2_17_x86_64.manylinux2014_x86_64.whl", hash = "sha256:d2d15a707e7f689531eb4134eccb0f8bf3844bb8255ad50823aa39708d9e6755"},
    {file = "xxhash-3.2.0-pp38-pypy38_pp73-manylinux_2_5_i686.manylinux1_i686.manylinux_2_17_i686.manylinux2014_i686.whl", hash = "sha256:e6b2ba4ff53dd5f57d728095e3def7375eb19c90621ce3b41b256de84ec61cfd"},
    {file = "xxhash-3.2.0-pp38-pypy38_pp73-win_amd64.whl", hash = "sha256:61b0bcf946fdfd8ab5f09179dc2b5c74d1ef47cedfc6ed0ec01fdf0ee8682dd3"},
    {file = "xxhash-3.2.0-pp39-pypy39_pp73-macosx_10_9_x86_64.whl", hash = "sha256:f7b79f0f302396d8e0d444826ceb3d07b61977793886ebae04e82796c02e42dc"},
    {file = "xxhash-3.2.0-pp39-pypy39_pp73-manylinux_2_17_aarch64.manylinux2014_aarch64.whl", hash = "sha256:e0773cd5c438ffcd5dbff91cdd503574f88a4b960e70cedeb67736583a17a918"},
    {file = "xxhash-3.2.0-pp39-pypy39_pp73-manylinux_2_17_x86_64.manylinux2014_x86_64.whl", hash = "sha256:4ec1f57127879b419a2c8d2db9d9978eb26c61ae17e5972197830430ae78d25b"},
    {file = "xxhash-3.2.0-pp39-pypy39_pp73-manylinux_2_5_i686.manylinux1_i686.manylinux_2_17_i686.manylinux2014_i686.whl", hash = "sha256:3d4b15c00e807b1d3d0b612338c814739dec310b80fb069bd732b98ddc709ad7"},
    {file = "xxhash-3.2.0-pp39-pypy39_pp73-win_amd64.whl", hash = "sha256:9d3f686e3d1c8900c5459eee02b60c7399e20ec5c6402364068a343c83a61d90"},
    {file = "xxhash-3.2.0.tar.gz", hash = "sha256:1afd47af8955c5db730f630ad53ae798cf7fae0acb64cebb3cf94d35c47dd088"},
]

[metadata]
lock-version = "2.0"
python-versions = ">=3.10,<3.11"
content-hash = "820da17c80ac3c27c79ff8b2501663ccdeb183f159e80d1fd2409d43fa90f2c2"
